// !$*UTF8*$!
{
	archiveVersion = 1;
	classes = {
	};
	objectVersion = 77;
	objects = {

/* Begin PBXBuildFile section */
		B2672D552E8F44B60047B27D /* .gitignore in Resources */ = {isa = PBXBuildFile; fileRef = B2672D542E8F44AD0047B27D /* .gitignore */; };
		B2672D612E8FFD990047B27D /* spotlightchatExtension.appex in Embed Foundation Extensions */ = {isa = PBXBuildFile; fileRef = B2672D5A2E8FFD990047B27D /* spotlightchatExtension.appex */; settings = {ATTRIBUTES = (RemoveHeadersOnCopy, ); }; };
		B2672D712E9002CC0047B27D /* Intents.framework in Frameworks */ = {isa = PBXBuildFile; fileRef = B2672D702E9002CC0047B27D /* Intents.framework */; };
		B2672D782E9002CC0047B27D /* spotlightchatIntent.appex in Embed Foundation Extensions */ = {isa = PBXBuildFile; fileRef = B2672D6E2E9002CC0047B27D /* spotlightchatIntent.appex */; settings = {ATTRIBUTES = (RemoveHeadersOnCopy, ); }; };
/* End PBXBuildFile section */

/* Begin PBXContainerItemProxy section */
		B2672D5F2E8FFD990047B27D /* PBXContainerItemProxy */ = {
			isa = PBXContainerItemProxy;
			containerPortal = B2672D202E8F39B60047B27D /* Project object */;
			proxyType = 1;
			remoteGlobalIDString = B2672D592E8FFD990047B27D;
			remoteInfo = spotlightchatExtension;
		};
		B2672D762E9002CC0047B27D /* PBXContainerItemProxy */ = {
			isa = PBXContainerItemProxy;
			containerPortal = B2672D202E8F39B60047B27D /* Project object */;
			proxyType = 1;
			remoteGlobalIDString = B2672D6D2E9002CC0047B27D;
			remoteInfo = spotlightchatIntent;
		};
/* End PBXContainerItemProxy section */

/* Begin PBXCopyFilesBuildPhase section */
		B2672D662E8FFD990047B27D /* Embed Foundation Extensions */ = {
			isa = PBXCopyFilesBuildPhase;
			buildActionMask = 2147483647;
			dstPath = "";
			dstSubfolderSpec = 13;
			files = (
				B2672D612E8FFD990047B27D /* spotlightchatExtension.appex in Embed Foundation Extensions */,
				B2672D782E9002CC0047B27D /* spotlightchatIntent.appex in Embed Foundation Extensions */,
			);
			name = "Embed Foundation Extensions";
			runOnlyForDeploymentPostprocessing = 0;
		};
/* End PBXCopyFilesBuildPhase section */

/* Begin PBXFileReference section */
		B2672D282E8F39B60047B27D /* spotlightchat.app */ = {isa = PBXFileReference; explicitFileType = wrapper.application; includeInIndex = 0; path = spotlightchat.app; sourceTree = BUILT_PRODUCTS_DIR; };
		B2672D542E8F44AD0047B27D /* .gitignore */ = {isa = PBXFileReference; lastKnownFileType = text; path = .gitignore; sourceTree = "<group>"; };
		B2672D5A2E8FFD990047B27D /* spotlightchatExtension.appex */ = {isa = PBXFileReference; explicitFileType = "wrapper.app-extension"; includeInIndex = 0; path = spotlightchatExtension.appex; sourceTree = BUILT_PRODUCTS_DIR; };
		B2672D6E2E9002CC0047B27D /* spotlightchatIntent.appex */ = {isa = PBXFileReference; explicitFileType = "wrapper.app-extension"; includeInIndex = 0; path = spotlightchatIntent.appex; sourceTree = BUILT_PRODUCTS_DIR; };
		B2672D702E9002CC0047B27D /* Intents.framework */ = {isa = PBXFileReference; lastKnownFileType = wrapper.framework; name = Intents.framework; path = System/Library/Frameworks/Intents.framework; sourceTree = SDKROOT; };
/* End PBXFileReference section */

/* Begin PBXFileSystemSynchronizedBuildFileExceptionSet section */
		B2672D622E8FFD990047B27D /* Exceptions for "spotlightchatExtension" folder in "spotlightchatExtension" target */ = {
			isa = PBXFileSystemSynchronizedBuildFileExceptionSet;
			membershipExceptions = (
				Info.plist,
			);
			target = B2672D592E8FFD990047B27D /* spotlightchatExtension */;
		};
		B2672D682E8FFDE60047B27D /* Exceptions for "spotlightchat" folder in "spotlightchatExtension" target */ = {
			isa = PBXFileSystemSynchronizedBuildFileExceptionSet;
			membershipExceptions = (
				KeychainHelper.swift,
				OpenAIClient.swift,
			);
			target = B2672D592E8FFD990047B27D /* spotlightchatExtension */;
		};
		B2672D792E9002CC0047B27D /* Exceptions for "spotlightchatIntent" folder in "spotlightchatIntent" target */ = {
			isa = PBXFileSystemSynchronizedBuildFileExceptionSet;
			membershipExceptions = (
				Info.plist,
			);
			target = B2672D6D2E9002CC0047B27D /* spotlightchatIntent */;
		};
		B2672D7E2E9003120047B27D /* Exceptions for "spotlightchat" folder in "spotlightchatIntent" target */ = {
			isa = PBXFileSystemSynchronizedBuildFileExceptionSet;
			membershipExceptions = (
				KeychainHelper.swift,
				OpenAIClient.swift,
			);
			target = B2672D6D2E9002CC0047B27D /* spotlightchatIntent */;
		};
/* End PBXFileSystemSynchronizedBuildFileExceptionSet section */

/* Begin PBXFileSystemSynchronizedRootGroup section */
		B2672D2A2E8F39B60047B27D /* spotlightchat */ = {
			isa = PBXFileSystemSynchronizedRootGroup;
			exceptions = (
				B2672D682E8FFDE60047B27D /* Exceptions for "spotlightchat" folder in "spotlightchatExtension" target */,
				B2672D7E2E9003120047B27D /* Exceptions for "spotlightchat" folder in "spotlightchatIntent" target */,
			);
			path = spotlightchat;
			sourceTree = "<group>";
		};
		B2672D5B2E8FFD990047B27D /* spotlightchatExtension */ = {
			isa = PBXFileSystemSynchronizedRootGroup;
			exceptions = (
				B2672D622E8FFD990047B27D /* Exceptions for "spotlightchatExtension" folder in "spotlightchatExtension" target */,
			);
			path = spotlightchatExtension;
			sourceTree = "<group>";
		};
		B2672D722E9002CC0047B27D /* spotlightchatIntent */ = {
			isa = PBXFileSystemSynchronizedRootGroup;
			exceptions = (
				B2672D792E9002CC0047B27D /* Exceptions for "spotlightchatIntent" folder in "spotlightchatIntent" target */,
			);
			path = spotlightchatIntent;
			sourceTree = "<group>";
		};
/* End PBXFileSystemSynchronizedRootGroup section */

/* Begin PBXFrameworksBuildPhase section */
		B2672D252E8F39B60047B27D /* Frameworks */ = {
			isa = PBXFrameworksBuildPhase;
			buildActionMask = 2147483647;
			files = (
			);
			runOnlyForDeploymentPostprocessing = 0;
		};
		B2672D572E8FFD990047B27D /* Frameworks */ = {
			isa = PBXFrameworksBuildPhase;
			buildActionMask = 2147483647;
			files = (
			);
			runOnlyForDeploymentPostprocessing = 0;
		};
		B2672D6B2E9002CC0047B27D /* Frameworks */ = {
			isa = PBXFrameworksBuildPhase;
			buildActionMask = 2147483647;
			files = (
				B2672D712E9002CC0047B27D /* Intents.framework in Frameworks */,
			);
			runOnlyForDeploymentPostprocessing = 0;
		};
/* End PBXFrameworksBuildPhase section */

/* Begin PBXGroup section */
		B2672D1F2E8F39B60047B27D = {
			isa = PBXGroup;
			children = (
				B2672D542E8F44AD0047B27D /* .gitignore */,
				B2672D2A2E8F39B60047B27D /* spotlightchat */,
				B2672D5B2E8FFD990047B27D /* spotlightchatExtension */,
				B2672D722E9002CC0047B27D /* spotlightchatIntent */,
				B2672D6F2E9002CC0047B27D /* Frameworks */,
				B2672D292E8F39B60047B27D /* Products */,
			);
			sourceTree = "<group>";
		};
		B2672D292E8F39B60047B27D /* Products */ = {
			isa = PBXGroup;
			children = (
				B2672D282E8F39B60047B27D /* spotlightchat.app */,
				B2672D5A2E8FFD990047B27D /* spotlightchatExtension.appex */,
				B2672D6E2E9002CC0047B27D /* spotlightchatIntent.appex */,
			);
			name = Products;
			sourceTree = "<group>";
		};
		B2672D6F2E9002CC0047B27D /* Frameworks */ = {
			isa = PBXGroup;
			children = (
				B2672D702E9002CC0047B27D /* Intents.framework */,
			);
			name = Frameworks;
			sourceTree = "<group>";
		};
/* End PBXGroup section */

/* Begin PBXNativeTarget section */
		B2672D272E8F39B60047B27D /* spotlightchat */ = {
			isa = PBXNativeTarget;
			buildConfigurationList = B2672D332E8F39B70047B27D /* Build configuration list for PBXNativeTarget "spotlightchat" */;
			buildPhases = (
				B2672D242E8F39B60047B27D /* Sources */,
				B2672D252E8F39B60047B27D /* Frameworks */,
				B2672D262E8F39B60047B27D /* Resources */,
				B2672D662E8FFD990047B27D /* Embed Foundation Extensions */,
			);
			buildRules = (
			);
			dependencies = (
				B2672D602E8FFD990047B27D /* PBXTargetDependency */,
				B2672D772E9002CC0047B27D /* PBXTargetDependency */,
			);
			fileSystemSynchronizedGroups = (
				B2672D2A2E8F39B60047B27D /* spotlightchat */,
			);
			name = spotlightchat;
			packageProductDependencies = (
			);
			productName = spotlightchat;
			productReference = B2672D282E8F39B60047B27D /* spotlightchat.app */;
			productType = "com.apple.product-type.application";
		};
		B2672D592E8FFD990047B27D /* spotlightchatExtension */ = {
			isa = PBXNativeTarget;
			buildConfigurationList = B2672D632E8FFD990047B27D /* Build configuration list for PBXNativeTarget "spotlightchatExtension" */;
			buildPhases = (
				B2672D562E8FFD990047B27D /* Sources */,
				B2672D572E8FFD990047B27D /* Frameworks */,
				B2672D582E8FFD990047B27D /* Resources */,
			);
			buildRules = (
			);
			dependencies = (
			);
			fileSystemSynchronizedGroups = (
				B2672D5B2E8FFD990047B27D /* spotlightchatExtension */,
			);
			name = spotlightchatExtension;
			packageProductDependencies = (
			);
			productName = spotlightchatExtension;
			productReference = B2672D5A2E8FFD990047B27D /* spotlightchatExtension.appex */;
			productType = "com.apple.product-type.app-extension";
		};
		B2672D6D2E9002CC0047B27D /* spotlightchatIntent */ = {
			isa = PBXNativeTarget;
			buildConfigurationList = B2672D7A2E9002CC0047B27D /* Build configuration list for PBXNativeTarget "spotlightchatIntent" */;
			buildPhases = (
				B2672D6A2E9002CC0047B27D /* Sources */,
				B2672D6B2E9002CC0047B27D /* Frameworks */,
				B2672D6C2E9002CC0047B27D /* Resources */,
			);
			buildRules = (
			);
			dependencies = (
			);
			fileSystemSynchronizedGroups = (
				B2672D722E9002CC0047B27D /* spotlightchatIntent */,
			);
			name = spotlightchatIntent;
			packageProductDependencies = (
			);
			productName = spotlightchatIntent;
			productReference = B2672D6E2E9002CC0047B27D /* spotlightchatIntent.appex */;
			productType = "com.apple.product-type.app-extension";
		};
/* End PBXNativeTarget section */

/* Begin PBXProject section */
		B2672D202E8F39B60047B27D /* Project object */ = {
			isa = PBXProject;
			attributes = {
				BuildIndependentTargetsInParallel = 1;
				LastSwiftUpdateCheck = 2600;
				LastUpgradeCheck = 2600;
				TargetAttributes = {
					B2672D272E8F39B60047B27D = {
						CreatedOnToolsVersion = 26.0.1;
					};
					B2672D592E8FFD990047B27D = {
						CreatedOnToolsVersion = 26.0.1;
					};
					B2672D6D2E9002CC0047B27D = {
						CreatedOnToolsVersion = 26.0.1;
					};
				};
			};
			buildConfigurationList = B2672D232E8F39B60047B27D /* Build configuration list for PBXProject "spotlightchat" */;
			developmentRegion = en;
			hasScannedForEncodings = 0;
			knownRegions = (
				en,
				Base,
			);
			mainGroup = B2672D1F2E8F39B60047B27D;
			minimizedProjectReferenceProxies = 1;
			preferredProjectObjectVersion = 77;
			productRefGroup = B2672D292E8F39B60047B27D /* Products */;
			projectDirPath = "";
			projectRoot = "";
			targets = (
				B2672D272E8F39B60047B27D /* spotlightchat */,
				B2672D592E8FFD990047B27D /* spotlightchatExtension */,
				B2672D6D2E9002CC0047B27D /* spotlightchatIntent */,
			);
		};
/* End PBXProject section */

/* Begin PBXResourcesBuildPhase section */
		B2672D262E8F39B60047B27D /* Resources */ = {
			isa = PBXResourcesBuildPhase;
			buildActionMask = 2147483647;
			files = (
				B2672D552E8F44B60047B27D /* .gitignore in Resources */,
			);
			runOnlyForDeploymentPostprocessing = 0;
		};
		B2672D582E8FFD990047B27D /* Resources */ = {
			isa = PBXResourcesBuildPhase;
			buildActionMask = 2147483647;
			files = (
			);
			runOnlyForDeploymentPostprocessing = 0;
		};
		B2672D6C2E9002CC0047B27D /* Resources */ = {
			isa = PBXResourcesBuildPhase;
			buildActionMask = 2147483647;
			files = (
			);
			runOnlyForDeploymentPostprocessing = 0;
		};
/* End PBXResourcesBuildPhase section */

/* Begin PBXSourcesBuildPhase section */
		B2672D242E8F39B60047B27D /* Sources */ = {
			isa = PBXSourcesBuildPhase;
			buildActionMask = 2147483647;
			files = (
			);
			runOnlyForDeploymentPostprocessing = 0;
		};
		B2672D562E8FFD990047B27D /* Sources */ = {
			isa = PBXSourcesBuildPhase;
			buildActionMask = 2147483647;
			files = (
			);
			runOnlyForDeploymentPostprocessing = 0;
		};
		B2672D6A2E9002CC0047B27D /* Sources */ = {
			isa = PBXSourcesBuildPhase;
			buildActionMask = 2147483647;
			files = (
			);
			runOnlyForDeploymentPostprocessing = 0;
		};
/* End PBXSourcesBuildPhase section */

/* Begin PBXTargetDependency section */
		B2672D602E8FFD990047B27D /* PBXTargetDependency */ = {
			isa = PBXTargetDependency;
			target = B2672D592E8FFD990047B27D /* spotlightchatExtension */;
			targetProxy = B2672D5F2E8FFD990047B27D /* PBXContainerItemProxy */;
		};
		B2672D772E9002CC0047B27D /* PBXTargetDependency */ = {
			isa = PBXTargetDependency;
			target = B2672D6D2E9002CC0047B27D /* spotlightchatIntent */;
			targetProxy = B2672D762E9002CC0047B27D /* PBXContainerItemProxy */;
		};
/* End PBXTargetDependency section */

/* Begin XCBuildConfiguration section */
		B2672D312E8F39B70047B27D /* Debug */ = {
			isa = XCBuildConfiguration;
			buildSettings = {
				ALWAYS_SEARCH_USER_PATHS = NO;
				ASSETCATALOG_COMPILER_GENERATE_SWIFT_ASSET_SYMBOL_EXTENSIONS = YES;
				CLANG_ANALYZER_NONNULL = YES;
				CLANG_ANALYZER_NUMBER_OBJECT_CONVERSION = YES_AGGRESSIVE;
				CLANG_CXX_LANGUAGE_STANDARD = "gnu++20";
				CLANG_ENABLE_MODULES = YES;
				CLANG_ENABLE_OBJC_ARC = YES;
				CLANG_ENABLE_OBJC_WEAK = YES;
				CLANG_WARN_BLOCK_CAPTURE_AUTORELEASING = YES;
				CLANG_WARN_BOOL_CONVERSION = YES;
				CLANG_WARN_COMMA = YES;
				CLANG_WARN_CONSTANT_CONVERSION = YES;
				CLANG_WARN_DEPRECATED_OBJC_IMPLEMENTATIONS = YES;
				CLANG_WARN_DIRECT_OBJC_ISA_USAGE = YES_ERROR;
				CLANG_WARN_DOCUMENTATION_COMMENTS = YES;
				CLANG_WARN_EMPTY_BODY = YES;
				CLANG_WARN_ENUM_CONVERSION = YES;
				CLANG_WARN_INFINITE_RECURSION = YES;
				CLANG_WARN_INT_CONVERSION = YES;
				CLANG_WARN_NON_LITERAL_NULL_CONVERSION = YES;
				CLANG_WARN_OBJC_IMPLICIT_RETAIN_SELF = YES;
				CLANG_WARN_OBJC_LITERAL_CONVERSION = YES;
				CLANG_WARN_OBJC_ROOT_CLASS = YES_ERROR;
				CLANG_WARN_QUOTED_INCLUDE_IN_FRAMEWORK_HEADER = YES;
				CLANG_WARN_RANGE_LOOP_ANALYSIS = YES;
				CLANG_WARN_STRICT_PROTOTYPES = YES;
				CLANG_WARN_SUSPICIOUS_MOVE = YES;
				CLANG_WARN_UNGUARDED_AVAILABILITY = YES_AGGRESSIVE;
				CLANG_WARN_UNREACHABLE_CODE = YES;
				CLANG_WARN__DUPLICATE_METHOD_MATCH = YES;
				COPY_PHASE_STRIP = NO;
				DEBUG_INFORMATION_FORMAT = dwarf;
				DEVELOPMENT_TEAM = 69R6H2S49F;
				ENABLE_STRICT_OBJC_MSGSEND = YES;
				ENABLE_TESTABILITY = YES;
				ENABLE_USER_SCRIPT_SANDBOXING = YES;
				GCC_C_LANGUAGE_STANDARD = gnu17;
				GCC_DYNAMIC_NO_PIC = NO;
				GCC_NO_COMMON_BLOCKS = YES;
				GCC_OPTIMIZATION_LEVEL = 0;
				GCC_PREPROCESSOR_DEFINITIONS = (
					"DEBUG=1",
					"$(inherited)",
				);
				GCC_WARN_64_TO_32_BIT_CONVERSION = YES;
				GCC_WARN_ABOUT_RETURN_TYPE = YES_ERROR;
				GCC_WARN_UNDECLARED_SELECTOR = YES;
				GCC_WARN_UNINITIALIZED_AUTOS = YES_AGGRESSIVE;
				GCC_WARN_UNUSED_FUNCTION = YES;
				GCC_WARN_UNUSED_VARIABLE = YES;
				LOCALIZATION_PREFERS_STRING_CATALOGS = YES;
				MACOSX_DEPLOYMENT_TARGET = 26.0;
				MTL_ENABLE_DEBUG_INFO = INCLUDE_SOURCE;
				MTL_FAST_MATH = YES;
				ONLY_ACTIVE_ARCH = YES;
				SDKROOT = macosx;
				SWIFT_ACTIVE_COMPILATION_CONDITIONS = "DEBUG $(inherited)";
				SWIFT_OPTIMIZATION_LEVEL = "-Onone";
			};
			name = Debug;
		};
		B2672D322E8F39B70047B27D /* Release */ = {
			isa = XCBuildConfiguration;
			buildSettings = {
				ALWAYS_SEARCH_USER_PATHS = NO;
				ASSETCATALOG_COMPILER_GENERATE_SWIFT_ASSET_SYMBOL_EXTENSIONS = YES;
				CLANG_ANALYZER_NONNULL = YES;
				CLANG_ANALYZER_NUMBER_OBJECT_CONVERSION = YES_AGGRESSIVE;
				CLANG_CXX_LANGUAGE_STANDARD = "gnu++20";
				CLANG_ENABLE_MODULES = YES;
				CLANG_ENABLE_OBJC_ARC = YES;
				CLANG_ENABLE_OBJC_WEAK = YES;
				CLANG_WARN_BLOCK_CAPTURE_AUTORELEASING = YES;
				CLANG_WARN_BOOL_CONVERSION = YES;
				CLANG_WARN_COMMA = YES;
				CLANG_WARN_CONSTANT_CONVERSION = YES;
				CLANG_WARN_DEPRECATED_OBJC_IMPLEMENTATIONS = YES;
				CLANG_WARN_DIRECT_OBJC_ISA_USAGE = YES_ERROR;
				CLANG_WARN_DOCUMENTATION_COMMENTS = YES;
				CLANG_WARN_EMPTY_BODY = YES;
				CLANG_WARN_ENUM_CONVERSION = YES;
				CLANG_WARN_INFINITE_RECURSION = YES;
				CLANG_WARN_INT_CONVERSION = YES;
				CLANG_WARN_NON_LITERAL_NULL_CONVERSION = YES;
				CLANG_WARN_OBJC_IMPLICIT_RETAIN_SELF = YES;
				CLANG_WARN_OBJC_LITERAL_CONVERSION = YES;
				CLANG_WARN_OBJC_ROOT_CLASS = YES_ERROR;
				CLANG_WARN_QUOTED_INCLUDE_IN_FRAMEWORK_HEADER = YES;
				CLANG_WARN_RANGE_LOOP_ANALYSIS = YES;
				CLANG_WARN_STRICT_PROTOTYPES = YES;
				CLANG_WARN_SUSPICIOUS_MOVE = YES;
				CLANG_WARN_UNGUARDED_AVAILABILITY = YES_AGGRESSIVE;
				CLANG_WARN_UNREACHABLE_CODE = YES;
				CLANG_WARN__DUPLICATE_METHOD_MATCH = YES;
				COPY_PHASE_STRIP = NO;
				DEBUG_INFORMATION_FORMAT = "dwarf-with-dsym";
				DEVELOPMENT_TEAM = 69R6H2S49F;
				ENABLE_NS_ASSERTIONS = NO;
				ENABLE_STRICT_OBJC_MSGSEND = YES;
				ENABLE_USER_SCRIPT_SANDBOXING = YES;
				GCC_C_LANGUAGE_STANDARD = gnu17;
				GCC_NO_COMMON_BLOCKS = YES;
				GCC_WARN_64_TO_32_BIT_CONVERSION = YES;
				GCC_WARN_ABOUT_RETURN_TYPE = YES_ERROR;
				GCC_WARN_UNDECLARED_SELECTOR = YES;
				GCC_WARN_UNINITIALIZED_AUTOS = YES_AGGRESSIVE;
				GCC_WARN_UNUSED_FUNCTION = YES;
				GCC_WARN_UNUSED_VARIABLE = YES;
				LOCALIZATION_PREFERS_STRING_CATALOGS = YES;
				MACOSX_DEPLOYMENT_TARGET = 26.0;
				MTL_ENABLE_DEBUG_INFO = NO;
				MTL_FAST_MATH = YES;
				SDKROOT = macosx;
				SWIFT_COMPILATION_MODE = wholemodule;
			};
			name = Release;
		};
		B2672D342E8F39B70047B27D /* Debug */ = {
			isa = XCBuildConfiguration;
			buildSettings = {
				ASSETCATALOG_COMPILER_APPICON_NAME = AppIcon;
				ASSETCATALOG_COMPILER_GLOBAL_ACCENT_COLOR_NAME = AccentColor;
				CODE_SIGN_ENTITLEMENTS = spotlightchat/spotlightchat.entitlements;
				CODE_SIGN_STYLE = Automatic;
				COMBINE_HIDPI_IMAGES = YES;
				CURRENT_PROJECT_VERSION = 1;
				DEVELOPMENT_TEAM = 69R6H2S49F;
				ENABLE_APP_SANDBOX = YES;
				ENABLE_HARDENED_RUNTIME = YES;
				ENABLE_PREVIEWS = YES;
				ENABLE_USER_SELECTED_FILES = readonly;
				GENERATE_INFOPLIST_FILE = YES;
				INFOPLIST_KEY_NSHumanReadableCopyright = "";
				LD_RUNPATH_SEARCH_PATHS = (
					"$(inherited)",
					"@executable_path/../Frameworks",
				);
				MACOSX_DEPLOYMENT_TARGET = 14.6;
				MARKETING_VERSION = 1.0;
				PRODUCT_BUNDLE_IDENTIFIER = gerasimov.studio.spotlightchat;
				PRODUCT_NAME = "$(TARGET_NAME)";
				REGISTER_APP_GROUPS = YES;
				STRING_CATALOG_GENERATE_SYMBOLS = YES;
				SWIFT_APPROACHABLE_CONCURRENCY = YES;
				SWIFT_DEFAULT_ACTOR_ISOLATION = MainActor;
				SWIFT_EMIT_LOC_STRINGS = YES;
				SWIFT_UPCOMING_FEATURE_MEMBER_IMPORT_VISIBILITY = YES;
				SWIFT_VERSION = 5.0;
			};
			name = Debug;
		};
		B2672D352E8F39B70047B27D /* Release */ = {
			isa = XCBuildConfiguration;
			buildSettings = {
				ASSETCATALOG_COMPILER_APPICON_NAME = AppIcon;
				ASSETCATALOG_COMPILER_GLOBAL_ACCENT_COLOR_NAME = AccentColor;
				CODE_SIGN_ENTITLEMENTS = spotlightchat/spotlightchat.entitlements;
				CODE_SIGN_STYLE = Automatic;
				COMBINE_HIDPI_IMAGES = YES;
				CURRENT_PROJECT_VERSION = 1;
				DEVELOPMENT_TEAM = 69R6H2S49F;
				ENABLE_APP_SANDBOX = YES;
				ENABLE_HARDENED_RUNTIME = YES;
				ENABLE_PREVIEWS = YES;
				ENABLE_USER_SELECTED_FILES = readonly;
				GENERATE_INFOPLIST_FILE = YES;
				INFOPLIST_KEY_NSHumanReadableCopyright = "";
				LD_RUNPATH_SEARCH_PATHS = (
					"$(inherited)",
					"@executable_path/../Frameworks",
				);
				MACOSX_DEPLOYMENT_TARGET = 14.6;
				MARKETING_VERSION = 1.0;
				PRODUCT_BUNDLE_IDENTIFIER = gerasimov.studio.spotlightchat;
				PRODUCT_NAME = "$(TARGET_NAME)";
				REGISTER_APP_GROUPS = YES;
				STRING_CATALOG_GENERATE_SYMBOLS = YES;
				SWIFT_APPROACHABLE_CONCURRENCY = YES;
				SWIFT_DEFAULT_ACTOR_ISOLATION = MainActor;
				SWIFT_EMIT_LOC_STRINGS = YES;
				SWIFT_UPCOMING_FEATURE_MEMBER_IMPORT_VISIBILITY = YES;
				SWIFT_VERSION = 5.0;
			};
			name = Release;
		};
		B2672D642E8FFD990047B27D /* Debug */ = {
			isa = XCBuildConfiguration;
			buildSettings = {
				CODE_SIGN_ENTITLEMENTS = spotlightchatExtension/spotlightchatExtension.entitlements;
				CODE_SIGN_STYLE = Automatic;
				CURRENT_PROJECT_VERSION = 1;
				DEVELOPMENT_TEAM = 69R6H2S49F;
				ENABLE_APP_SANDBOX = YES;
				ENABLE_HARDENED_RUNTIME = YES;
				ENABLE_USER_SELECTED_FILES = readonly;
				GENERATE_INFOPLIST_FILE = YES;
				INFOPLIST_FILE = spotlightchatExtension/Info.plist;
				INFOPLIST_KEY_CFBundleDisplayName = spotlightchatExtension;
				INFOPLIST_KEY_NSHumanReadableCopyright = "";
				LD_RUNPATH_SEARCH_PATHS = (
					"$(inherited)",
					"@executable_path/../Frameworks",
					"@executable_path/../../../../Frameworks",
				);
				MACOSX_DEPLOYMENT_TARGET = 14.6;
				MARKETING_VERSION = 1.0;
				PRODUCT_BUNDLE_IDENTIFIER = gerasimov.studio.spotlightchat.spotlightchatExtension;
				PRODUCT_NAME = "$(TARGET_NAME)";
				SKIP_INSTALL = YES;
				STRING_CATALOG_GENERATE_SYMBOLS = YES;
				SWIFT_APPROACHABLE_CONCURRENCY = YES;
				SWIFT_EMIT_LOC_STRINGS = YES;
				SWIFT_UPCOMING_FEATURE_MEMBER_IMPORT_VISIBILITY = YES;
				SWIFT_VERSION = 5.0;
			};
			name = Debug;
		};
		B2672D652E8FFD990047B27D /* Release */ = {
			isa = XCBuildConfiguration;
			buildSettings = {
				CODE_SIGN_ENTITLEMENTS = spotlightchatExtension/spotlightchatExtension.entitlements;
				CODE_SIGN_STYLE = Automatic;
				CURRENT_PROJECT_VERSION = 1;
				DEVELOPMENT_TEAM = 69R6H2S49F;
				ENABLE_APP_SANDBOX = YES;
				ENABLE_HARDENED_RUNTIME = YES;
				ENABLE_USER_SELECTED_FILES = readonly;
				GENERATE_INFOPLIST_FILE = YES;
				INFOPLIST_FILE = spotlightchatExtension/Info.plist;
				INFOPLIST_KEY_CFBundleDisplayName = spotlightchatExtension;
				INFOPLIST_KEY_NSHumanReadableCopyright = "";
				LD_RUNPATH_SEARCH_PATHS = (
					"$(inherited)",
					"@executable_path/../Frameworks",
					"@executable_path/../../../../Frameworks",
				);
				MACOSX_DEPLOYMENT_TARGET = 14.6;
				MARKETING_VERSION = 1.0;
				PRODUCT_BUNDLE_IDENTIFIER = gerasimov.studio.spotlightchat.spotlightchatExtension;
				PRODUCT_NAME = "$(TARGET_NAME)";
				SKIP_INSTALL = YES;
				STRING_CATALOG_GENERATE_SYMBOLS = YES;
				SWIFT_APPROACHABLE_CONCURRENCY = YES;
				SWIFT_EMIT_LOC_STRINGS = YES;
				SWIFT_UPCOMING_FEATURE_MEMBER_IMPORT_VISIBILITY = YES;
				SWIFT_VERSION = 5.0;
			};
			name = Release;
		};
		B2672D7B2E9002CC0047B27D /* Debug */ = {
			isa = XCBuildConfiguration;
			buildSettings = {
				CODE_SIGN_STYLE = Automatic;
				CURRENT_PROJECT_VERSION = 1;
				DEVELOPMENT_TEAM = 69R6H2S49F;
				ENABLE_APP_SANDBOX = YES;
				ENABLE_HARDENED_RUNTIME = YES;
				GENERATE_INFOPLIST_FILE = YES;
				INFOPLIST_FILE = spotlightchatIntent/Info.plist;
				INFOPLIST_KEY_CFBundleDisplayName = spotlightchatIntent;
				INFOPLIST_KEY_NSHumanReadableCopyright = "";
				LD_RUNPATH_SEARCH_PATHS = (
					"$(inherited)",
					"@executable_path/../Frameworks",
					"@executable_path/../../../../Frameworks",
				);
				MARKETING_VERSION = 1.0;
				PRODUCT_BUNDLE_IDENTIFIER = gerasimov.studio.spotlightchat.spotlightchatIntent;
				PRODUCT_NAME = "$(TARGET_NAME)";
				SKIP_INSTALL = YES;
				STRING_CATALOG_GENERATE_SYMBOLS = YES;
				SWIFT_APPROACHABLE_CONCURRENCY = YES;
				SWIFT_EMIT_LOC_STRINGS = YES;
				SWIFT_UPCOMING_FEATURE_MEMBER_IMPORT_VISIBILITY = YES;
				SWIFT_VERSION = 5.0;
			};
			name = Debug;
		};
		B2672D7C2E9002CC0047B27D /* Release */ = {
			isa = XCBuildConfiguration;
			buildSettings = {
				CODE_SIGN_STYLE = Automatic;
				CURRENT_PROJECT_VERSION = 1;
				DEVELOPMENT_TEAM = 69R6H2S49F;
				ENABLE_APP_SANDBOX = YES;
				ENABLE_HARDENED_RUNTIME = YES;
				GENERATE_INFOPLIST_FILE = YES;
				INFOPLIST_FILE = spotlightchatIntent/Info.plist;
				INFOPLIST_KEY_CFBundleDisplayName = spotlightchatIntent;
				INFOPLIST_KEY_NSHumanReadableCopyright = "";
				LD_RUNPATH_SEARCH_PATHS = (
					"$(inherited)",
					"@executable_path/../Frameworks",
					"@executable_path/../../../../Frameworks",
				);
				MARKETING_VERSION = 1.0;
				PRODUCT_BUNDLE_IDENTIFIER = gerasimov.studio.spotlightchat.spotlightchatIntent;
				PRODUCT_NAME = "$(TARGET_NAME)";
				SKIP_INSTALL = YES;
				STRING_CATALOG_GENERATE_SYMBOLS = YES;
				SWIFT_APPROACHABLE_CONCURRENCY = YES;
				SWIFT_EMIT_LOC_STRINGS = YES;
				SWIFT_UPCOMING_FEATURE_MEMBER_IMPORT_VISIBILITY = YES;
				SWIFT_VERSION = 5.0;
			};
			name = Release;
		};
/* End XCBuildConfiguration section */

/* Begin XCConfigurationList section */
		B2672D232E8F39B60047B27D /* Build configuration list for PBXProject "spotlightchat" */ = {
			isa = XCConfigurationList;
			buildConfigurations = (
				B2672D312E8F39B70047B27D /* Debug */,
				B2672D322E8F39B70047B27D /* Release */,
			);
			defaultConfigurationIsVisible = 0;
			defaultConfigurationName = Release;
		};
		B2672D332E8F39B70047B27D /* Build configuration list for PBXNativeTarget "spotlightchat" */ = {
			isa = XCConfigurationList;
			buildConfigurations = (
				B2672D342E8F39B70047B27D /* Debug */,
				B2672D352E8F39B70047B27D /* Release */,
			);
			defaultConfigurationIsVisible = 0;
			defaultConfigurationName = Release;
		};
		B2672D632E8FFD990047B27D /* Build configuration list for PBXNativeTarget "spotlightchatExtension" */ = {
			isa = XCConfigurationList;
			buildConfigurations = (
				B2672D642E8FFD990047B27D /* Debug */,
				B2672D652E8FFD990047B27D /* Release */,
			);
			defaultConfigurationIsVisible = 0;
			defaultConfigurationName = Release;
		};
		B2672D7A2E9002CC0047B27D /* Build configuration list for PBXNativeTarget "spotlightchatIntent" */ = {
			isa = XCConfigurationList;
			buildConfigurations = (
				B2672D7B2E9002CC0047B27D /* Debug */,
				B2672D7C2E9002CC0047B27D /* Release */,
			);
			defaultConfigurationIsVisible = 0;
			defaultConfigurationName = Release;
		};
/* End XCConfigurationList section */
	};
	rootObject = B2672D202E8F39B60047B27D /* Project object */;
}
